{
    "_meta": {
        "hash": {
            "sha256": "601d9a7724dbc7fad111787e3dc9606e4961bdb2b1d6e327cdf05f0bb0cf3aec"
        },
        "pipfile-spec": 6,
        "requires": {
            "python_full_version": "3.10.12",
            "python_version": "3.10"
        },
        "sources": [
            {
                "name": "pypi",
                "url": "https://pypi.org/simple",
                "verify_ssl": true
            }
        ]
    },
    "default": {
        "tabulate": {
            "hashes": [
                "sha256:0095b12bf5966de529c0feb1fa08671671b3368eec77d7ef7ab114be2c068b3c",
                "sha256:024ca478df22e9340661486f85298cff5f6dcdba14f3813e8830015b9ed1948f"
            ],
            "index": "pypi",
            "markers": "python_version >= '3.7'",
            "version": "==0.9.0"
        },
        "texttable": {
            "hashes": [
                "sha256:2d2068fb55115807d3ac77a4ca68fa48803e84ebb0ee2340f858107a36522638",
                "sha256:72227d592c82b3d7f672731ae73e4d1f88cd8e2ef5b075a7a7f01a23a3743917"
            ],
            "index": "pypi",
            "version": "==1.7.0"
        }
    },
    "develop": {}
}
